# This file is automatically @generated by Poetry 1.5.1 and should not be changed by hand.

[[package]]
name = "pytils"
version = "0.4.1"
description = "Russian-specific string utils"
optional = false
python-versions = "^3.7"
files = [
    {file = "pytils-0.4.1.tar.gz", hash = "sha256:aa109b1bc0ec4bdb7c9768520110348d8aeb0706600e6cf641272e6850e26eab"},
]

[metadata]
lock-version = "2.0"
python-versions = "^3.11"
content-hash = "8d6ad295c39d3027b7e82f39651814da0e69dc6adccd747c15cb789c4a1d0204"
